
Microsoft Visual Studio Solution File, Format Version 12.00
# Visual Studio Version 17
VisualStudioVersion = 17.14.36221.1
MinimumVisualStudioVersion = 10.0.40219.1
Project("{FAE04EC0-301F-11D3-BF4B-00C04F79EFBC}") = "DesktopAgent", "DesktopAgent.csproj", "{AFD8CB55-80E9-44CA-B6A0-652218282360}"
EndProject
Project("{2150E333-8FDC-42A3-9474-1A3956D46DE8}") = "tests", "tests", "{0AB3BF05-4346-4AA6-1389-037BE0695223}"
EndProject
Project("{FAE04EC0-301F-11D3-BF4B-00C04F79EFBC}") = "DesktopAgent.Tests", "tests\DesktopAgent.Tests\DesktopAgent.Tests.csproj", "{104765D5-EE1C-438E-AC8F-D09E9FF5265F}"
EndProject
Global
	GlobalSection(SolutionConfigurationPlatforms) = preSolution
		Debug|Any CPU = Debug|Any CPU
		Debug|x64 = Debug|x64
		Debug|x86 = Debug|x86
		Release|Any CPU = Release|Any CPU
		Release|x64 = Release|x64
		Release|x86 = Release|x86
	EndGlobalSection
	GlobalSection(ProjectConfigurationPlatforms) = postSolution
		{AFD8CB55-80E9-44CA-B6A0-652218282360}.Debug|Any CPU.ActiveCfg = Debug|Any CPU
		{AFD8CB55-80E9-44CA-B6A0-652218282360}.Debug|Any CPU.Build.0 = Debug|Any CPU
		{AFD8CB55-80E9-44CA-B6A0-652218282360}.Debug|x64.ActiveCfg = Debug|Any CPU
		{AFD8CB55-80E9-44CA-B6A0-652218282360}.Debug|x64.Build.0 = Debug|Any CPU
		{AFD8CB55-80E9-44CA-B6A0-652218282360}.Debug|x86.ActiveCfg = Debug|Any CPU
		{AFD8CB55-80E9-44CA-B6A0-652218282360}.Debug|x86.Build.0 = Debug|Any CPU
		{AFD8CB55-80E9-44CA-B6A0-652218282360}.Release|Any CPU.ActiveCfg = Release|Any CPU
		{AFD8CB55-80E9-44CA-B6A0-652218282360}.Release|Any CPU.Build.0 = Release|Any CPU
		{AFD8CB55-80E9-44CA-B6A0-652218282360}.Release|x64.ActiveCfg = Release|Any CPU
		{AFD8CB55-80E9-44CA-B6A0-652218282360}.Release|x64.Build.0 = Release|Any CPU
		{AFD8CB55-80E9-44CA-B6A0-652218282360}.Release|x86.ActiveCfg = Release|Any CPU
		{AFD8CB55-80E9-44CA-B6A0-652218282360}.Release|x86.Build.0 = Release|Any CPU
		{104765D5-EE1C-438E-AC8F-D09E9FF5265F}.Debug|Any CPU.ActiveCfg = Debug|Any CPU
		{104765D5-EE1C-438E-AC8F-D09E9FF5265F}.Debug|Any CPU.Build.0 = Debug|Any CPU
		{104765D5-EE1C-438E-AC8F-D09E9FF5265F}.Debug|x64.ActiveCfg = Debug|Any CPU
		{104765D5-EE1C-438E-AC8F-D09E9FF5265F}.Debug|x64.Build.0 = Debug|Any CPU
		{104765D5-EE1C-438E-AC8F-D09E9FF5265F}.Debug|x86.ActiveCfg = Debug|Any CPU
		{104765D5-EE1C-438E-AC8F-D09E9FF5265F}.Debug|x86.Build.0 = Debug|Any CPU
		{104765D5-EE1C-438E-AC8F-D09E9FF5265F}.Release|Any CPU.ActiveCfg = Release|Any CPU
		{104765D5-EE1C-438E-AC8F-D09E9FF5265F}.Release|Any CPU.Build.0 = Release|Any CPU
		{104765D5-EE1C-438E-AC8F-D09E9FF5265F}.Release|x64.ActiveCfg = Release|Any CPU
		{104765D5-EE1C-438E-AC8F-D09E9FF5265F}.Release|x64.Build.0 = Release|Any CPU
		{104765D5-EE1C-438E-AC8F-D09E9FF5265F}.Release|x86.ActiveCfg = Release|Any CPU
		{104765D5-EE1C-438E-AC8F-D09E9FF5265F}.Release|x86.Build.0 = Release|Any CPU
	EndGlobalSection
	GlobalSection(SolutionProperties) = preSolution
		HideSolutionNode = FALSE
	EndGlobalSection
	GlobalSection(NestedProjects) = preSolution
		{104765D5-EE1C-438E-AC8F-D09E9FF5265F} = {0AB3BF05-4346-4AA6-1389-037BE0695223}
	EndGlobalSection
	GlobalSection(ExtensibilityGlobals) = postSolution
		SolutionGuid = {FB671C5F-EF22-49DE-B2BE-B61AE254FCDC}
	EndGlobalSection
EndGlobal
